
Microsoft Visual Studio Solution File, Format Version 12.00
# Visual Studio Version 17
VisualStudioVersion = 17.0.31912.275
MinimumVisualStudioVersion = 10.0.40219.1
Project("{FAE04EC0-301F-11D3-BF4B-00C04F79EFBC}") = "ButtonTutorial.Android", "ButtonTutorial\ButtonTutorial.Android\ButtonTutorial.Android.csproj", "{1EAF9FC7-507C-462A-B36B-6E9584366872}"
EndProject
Project("{FAE04EC0-301F-11D3-BF4B-00C04F79EFBC}") = "ButtonTutorial.iOS", "ButtonTutorial\ButtonTutorial.iOS\ButtonTutorial.iOS.csproj", "{62A75346-7E4B-474E-A372-B133EB508F59}"
EndProject
Project("{FAE04EC0-301F-11D3-BF4B-00C04F79EFBC}") = "ButtonTutorial", "ButtonTutorial\ButtonTutorial\ButtonTutorial.csproj", "{E7575A60-D82B-4757-91A5-AC84341C716A}"
EndProject
Global
	GlobalSection(SolutionConfigurationPlatforms) = preSolution
		Debug|Any CPU = Debug|Any CPU
		Debug|iPhone = Debug|iPhone
		Debug|iPhoneSimulator = Debug|iPhoneSimulator
		Release|Any CPU = Release|Any CPU
		Release|iPhone = Release|iPhone
		Release|iPhoneSimulator = Release|iPhoneSimulator
	EndGlobalSection
	GlobalSection(ProjectConfigurationPlatforms) = postSolution
		{1EAF9FC7-507C-462A-B36B-6E9584366872}.Debug|Any CPU.ActiveCfg = Debug|Any CPU
		{1EAF9FC7-507C-462A-B36B-6E9584366872}.Debug|Any CPU.Build.0 = Debug|Any CPU
		{1EAF9FC7-507C-462A-B36B-6E9584366872}.Debug|Any CPU.Deploy.0 = Debug|Any CPU
		{1EAF9FC7-507C-462A-B36B-6E9584366872}.Debug|iPhone.ActiveCfg = Debug|Any CPU
		{1EAF9FC7-507C-462A-B36B-6E9584366872}.Debug|iPhone.Build.0 = Debug|Any CPU
		{1EAF9FC7-507C-462A-B36B-6E9584366872}.Debug|iPhone.Deploy.0 = Debug|Any CPU
		{1EAF9FC7-507C-462A-B36B-6E9584366872}.Debug|iPhoneSimulator.ActiveCfg = Debug|Any CPU
		{1EAF9FC7-507C-462A-B36B-6E9584366872}.Debug|iPhoneSimulator.Build.0 = Debug|Any CPU
		{1EAF9FC7-507C-462A-B36B-6E9584366872}.Debug|iPhoneSimulator.Deploy.0 = Debug|Any CPU
		{1EAF9FC7-507C-462A-B36B-6E9584366872}.Release|Any CPU.ActiveCfg = Release|Any CPU
		{1EAF9FC7-507C-462A-B36B-6E9584366872}.Release|Any CPU.Build.0 = Release|Any CPU
		{1EAF9FC7-507C-462A-B36B-6E9584366872}.Release|Any CPU.Deploy.0 = Release|Any CPU
		{1EAF9FC7-507C-462A-B36B-6E9584366872}.Release|iPhone.ActiveCfg = Release|Any CPU
		{1EAF9FC7-507C-462A-B36B-6E9584366872}.Release|iPhone.Build.0 = Release|Any CPU
		{1EAF9FC7-507C-462A-B36B-6E9584366872}.Release|iPhone.Deploy.0 = Release|Any CPU
		{1EAF9FC7-507C-462A-B36B-6E9584366872}.Release|iPhoneSimulator.ActiveCfg = Release|Any CPU
		{1EAF9FC7-507C-462A-B36B-6E9584366872}.Release|iPhoneSimulator.Build.0 = Release|Any CPU
		{1EAF9FC7-507C-462A-B36B-6E9584366872}.Release|iPhoneSimulator.Deploy.0 = Release|Any CPU
		{62A75346-7E4B-474E-A372-B133EB508F59}.Debug|Any CPU.ActiveCfg = Debug|iPhone
		{62A75346-7E4B-474E-A372-B133EB508F59}.Debug|Any CPU.Build.0 = Debug|iPhone
		{62A75346-7E4B-474E-A372-B133EB508F59}.Debug|Any CPU.Deploy.0 = Debug|iPhone
		{62A75346-7E4B-474E-A372-B133EB508F59}.Debug|iPhone.ActiveCfg = Debug|iPhone
		{62A75346-7E4B-474E-A372-B133EB508F59}.Debug|iPhone.Build.0 = Debug|iPhone
		{62A75346-7E4B-474E-A372-B133EB508F59}.Debug|iPhone.Deploy.0 = Debug|iPhone
		{62A75346-7E4B-474E-A372-B133EB508F59}.Debug|iPhoneSimulator.ActiveCfg = Debug|iPhoneSimulator
		{62A75346-7E4B-474E-A372-B133EB508F59}.Debug|iPhoneSimulator.Build.0 = Debug|iPhoneSimulator
		{62A75346-7E4B-474E-A372-B133EB508F59}.Debug|iPhoneSimulator.Deploy.0 = Debug|iPhoneSimulator
		{62A75346-7E4B-474E-A372-B133EB508F59}.Release|Any CPU.ActiveCfg = Release|iPhoneSimulator
		{62A75346-7E4B-474E-A372-B133EB508F59}.Release|Any CPU.Build.0 = Release|iPhoneSimulator
		{62A75346-7E4B-474E-A372-B133EB508F59}.Release|Any CPU.Deploy.0 = Release|iPhoneSimulator
		{62A75346-7E4B-474E-A372-B133EB508F59}.Release|iPhone.ActiveCfg = Release|iPhone
		{62A75346-7E4B-474E-A372-B133EB508F59}.Release|iPhone.Build.0 = Release|iPhone
		{62A75346-7E4B-474E-A372-B133EB508F59}.Release|iPhone.Deploy.0 = Release|iPhone
		{62A75346-7E4B-474E-A372-B133EB508F59}.Release|iPhoneSimulator.ActiveCfg = Release|iPhoneSimulator
		{62A75346-7E4B-474E-A372-B133EB508F59}.Release|iPhoneSimulator.Build.0 = Release|iPhoneSimulator
		{62A75346-7E4B-474E-A372-B133EB508F59}.Release|iPhoneSimulator.Deploy.0 = Release|iPhoneSimulator
		{E7575A60-D82B-4757-91A5-AC84341C716A}.Debug|Any CPU.ActiveCfg = Debug|Any CPU
		{E7575A60-D82B-4757-91A5-AC84341C716A}.Debug|Any CPU.Build.0 = Debug|Any CPU
		{E7575A60-D82B-4757-91A5-AC84341C716A}.Debug|Any CPU.Deploy.0 = Debug|Any CPU
		{E7575A60-D82B-4757-91A5-AC84341C716A}.Debug|iPhone.ActiveCfg = Debug|Any CPU
		{E7575A60-D82B-4757-91A5-AC84341C716A}.Debug|iPhone.Build.0 = Debug|Any CPU
		{E7575A60-D82B-4757-91A5-AC84341C716A}.Debug|iPhone.Deploy.0 = Debug|Any CPU
		{E7575A60-D82B-4757-91A5-AC84341C716A}.Debug|iPhoneSimulator.ActiveCfg = Debug|Any CPU
		{E7575A60-D82B-4757-91A5-AC84341C716A}.Debug|iPhoneSimulator.Build.0 = Debug|Any CPU
		{E7575A60-D82B-4757-91A5-AC84341C716A}.Debug|iPhoneSimulator.Deploy.0 = Debug|Any CPU
		{E7575A60-D82B-4757-91A5-AC84341C716A}.Release|Any CPU.ActiveCfg = Release|Any CPU
		{E7575A60-D82B-4757-91A5-AC84341C716A}.Release|Any CPU.Build.0 = Release|Any CPU
		{E7575A60-D82B-4757-91A5-AC84341C716A}.Release|Any CPU.Deploy.0 = Release|Any CPU
		{E7575A60-D82B-4757-91A5-AC84341C716A}.Release|iPhone.ActiveCfg = Release|Any CPU
		{E7575A60-D82B-4757-91A5-AC84341C716A}.Release|iPhone.Build.0 = Release|Any CPU
		{E7575A60-D82B-4757-91A5-AC84341C716A}.Release|iPhone.Deploy.0 = Release|Any CPU
		{E7575A60-D82B-4757-91A5-AC84341C716A}.Release|iPhoneSimulator.ActiveCfg = Release|Any CPU
		{E7575A60-D82B-4757-91A5-AC84341C716A}.Release|iPhoneSimulator.Build.0 = Release|Any CPU
		{E7575A60-D82B-4757-91A5-AC84341C716A}.Release|iPhoneSimulator.Deploy.0 = Release|Any CPU
	EndGlobalSection
	GlobalSection(SolutionProperties) = preSolution
		HideSolutionNode = FALSE
	EndGlobalSection
	GlobalSection(ExtensibilityGlobals) = postSolution
		SolutionGuid = {2ED1F395-6C28-43C8-926E-D5E683D5AA53}
	EndGlobalSection
EndGlobal
